// !$*UTF8*$!
{
	archiveVersion = 1;
	classes = {
	};
	objectVersion = 50;
	objects = {

/* Begin PBXBuildFile section */
		BFFF3EEA24FD4BF6005047E8 /* AppDelegate.swift in Sources */ = {isa = PBXBuildFile; fileRef = BFFF3EE924FD4BF6005047E8 /* AppDelegate.swift */; };
		BFFF3EEC24FD4BF6005047E8 /* SceneDelegate.swift in Sources */ = {isa = PBXBuildFile; fileRef = BFFF3EEB24FD4BF6005047E8 /* SceneDelegate.swift */; };
		BFFF3EEE24FD4BF6005047E8 /* ViewController.swift in Sources */ = {isa = PBXBuildFile; fileRef = BFFF3EED24FD4BF6005047E8 /* ViewController.swift */; };
		BFFF3EF124FD4BF6005047E8 /* Main.storyboard in Resources */ = {isa = PBXBuildFile; fileRef = BFFF3EEF24FD4BF6005047E8 /* Main.storyboard */; };
		BFFF3EF324FD4BF8005047E8 /* Assets.xcassets in Resources */ = {isa = PBXBuildFile; fileRef = BFFF3EF224FD4BF8005047E8 /* Assets.xcassets */; };
		BFFF3EF624FD4BF8005047E8 /* LaunchScreen.storyboard in Resources */ = {isa = PBXBuildFile; fileRef = BFFF3EF424FD4BF8005047E8 /* LaunchScreen.storyboard */; };
/* End PBXBuildFile section */

/* Begin PBXFileReference section */
		BFFF3EE624FD4BF6005047E8 /* CatchKennyTheGame.app */ = {isa = PBXFileReference; explicitFileType = wrapper.application; includeInIndex = 0; path = CatchKennyTheGame.app; sourceTree = BUILT_PRODUCTS_DIR; };
		BFFF3EE924FD4BF6005047E8 /* AppDelegate.swift */ = {isa = PBXFileReference; lastKnownFileType = sourcecode.swift; path = AppDelegate.swift; sourceTree = "<group>"; };
		BFFF3EEB24FD4BF6005047E8 /* SceneDelegate.swift */ = {isa = PBXFileReference; lastKnownFileType = sourcecode.swift; path = SceneDelegate.swift; sourceTree = "<group>"; };
		BFFF3EED24FD4BF6005047E8 /* ViewController.swift */ = {isa = PBXFileReference; lastKnownFileType = sourcecode.swift; path = ViewController.swift; sourceTree = "<group>"; };
		BFFF3EF024FD4BF6005047E8 /* Base */ = {isa = PBXFileReference; lastKnownFileType = file.storyboard; name = Base; path = Base.lproj/Main.storyboard; sourceTree = "<group>"; };
		BFFF3EF224FD4BF8005047E8 /* Assets.xcassets */ = {isa = PBXFileReference; lastKnownFileType = folder.assetcatalog; path = Assets.xcassets; sourceTree = "<group>"; };
		BFFF3EF524FD4BF8005047E8 /* Base */ = {isa = PBXFileReference; lastKnownFileType = file.storyboard; name = Base; path = Base.lproj/LaunchScreen.storyboard; sourceTree = "<group>"; };
		BFFF3EF724FD4BF8005047E8 /* Info.plist */ = {isa = PBXFileReference; lastKnownFileType = text.plist.xml; path = Info.plist; sourceTree = "<group>"; };
/* End PBXFileReference section */

/* Begin PBXFrameworksBuildPhase section */
		BFFF3EE324FD4BF6005047E8 /* Frameworks */ = {
			isa = PBXFrameworksBuildPhase;
			buildActionMask = 2147483647;
			files = (
			);
			runOnlyForDeploymentPostprocessing = 0;
		};
/* End PBXFrameworksBuildPhase section */

/* Begin PBXGroup section */
		BFFF3EDD24FD4BF5005047E8 = {
			isa = PBXGroup;
			children = (
				BFFF3EE824FD4BF6005047E8 /* CatchKennyTheGame */,
				BFFF3EE724FD4BF6005047E8 /* Products */,
			);
			sourceTree = "<group>";
		};
		BFFF3EE724FD4BF6005047E8 /* Products */ = {
			isa = PBXGroup;
			children = (
				BFFF3EE624FD4BF6005047E8 /* CatchKennyTheGame.app */,
			);
			name = Products;
			sourceTree = "<group>";
		};
		BFFF3EE824FD4BF6005047E8 /* CatchKennyTheGame */ = {
			isa = PBXGroup;
			children = (
				BFFF3EE924FD4BF6005047E8 /* AppDelegate.swift */,
				BFFF3EEB24FD4BF6005047E8 /* SceneDelegate.swift */,
				BFFF3EED24FD4BF6005047E8 /* ViewController.swift */,
				BFFF3EEF24FD4BF6005047E8 /* Main.storyboard */,
				BFFF3EF224FD4BF8005047E8 /* Assets.xcassets */,
				BFFF3EF424FD4BF8005047E8 /* LaunchScreen.storyboard */,
				BFFF3EF724FD4BF8005047E8 /* Info.plist */,
			);
			path = CatchKennyTheGame;
			sourceTree = "<group>";
		};
/* End PBXGroup section */

/* Begin PBXNativeTarget section */
		BFFF3EE524FD4BF6005047E8 /* CatchKennyTheGame */ = {
			isa = PBXNativeTarget;
			buildConfigurationList = BFFF3EFA24FD4BF8005047E8 /* Build configuration list for PBXNativeTarget "CatchKennyTheGame" */;
			buildPhases = (
				BFFF3EE224FD4BF6005047E8 /* Sources */,
				BFFF3EE324FD4BF6005047E8 /* Frameworks */,
				BFFF3EE424FD4BF6005047E8 /* Resources */,
			);
			buildRules = (
			);
			dependencies = (
			);
			name = CatchKennyTheGame;
			productName = CatchKennyTheGame;
			productReference = BFFF3EE624FD4BF6005047E8 /* CatchKennyTheGame.app */;
			productType = "com.apple.product-type.application";
		};
/* End PBXNativeTarget section */

/* Begin PBXProject section */
		BFFF3EDE24FD4BF5005047E8 /* Project object */ = {
			isa = PBXProject;
			attributes = {
				LastSwiftUpdateCheck = 1160;
				LastUpgradeCheck = 1160;
				ORGANIZATIONNAME = "Taylor Gagne";
				TargetAttributes = {
					BFFF3EE524FD4BF6005047E8 = {
						CreatedOnToolsVersion = 11.6;
					};
				};
			};
			buildConfigurationList = BFFF3EE124FD4BF5005047E8 /* Build configuration list for PBXProject "CatchKennyTheGame" */;
			compatibilityVersion = "Xcode 9.3";
			developmentRegion = en;
			hasScannedForEncodings = 0;
			knownRegions = (
				en,
				Base,
			);
			mainGroup = BFFF3EDD24FD4BF5005047E8;
			productRefGroup = BFFF3EE724FD4BF6005047E8 /* Products */;
			projectDirPath = "";
			projectRoot = "";
			targets = (
				BFFF3EE524FD4BF6005047E8 /* CatchKennyTheGame */,
			);
		};
/* End PBXProject section */

/* Begin PBXResourcesBuildPhase section */
		BFFF3EE424FD4BF6005047E8 /* Resources */ = {
			isa = PBXResourcesBuildPhase;
			buildActionMask = 2147483647;
			files = (
				BFFF3EF624FD4BF8005047E8 /* LaunchScreen.storyboard in Resources */,
				BFFF3EF324FD4BF8005047E8 /* Assets.xcassets in Resources */,
				BFFF3EF124FD4BF6005047E8 /* Main.storyboard in Resources */,
			);
			runOnlyForDeploymentPostprocessing = 0;
		};
/* End PBXResourcesBuildPhase section */

/* Begin PBXSourcesBuildPhase section */
		BFFF3EE224FD4BF6005047E8 /* Sources */ = {
			isa = PBXSourcesBuildPhase;
			buildActionMask = 2147483647;
			files = (
				BFFF3EEE24FD4BF6005047E8 /* ViewController.swift in Sources */,
				BFFF3EEA24FD4BF6005047E8 /* AppDelegate.swift in Sources */,
				BFFF3EEC24FD4BF6005047E8 /* SceneDelegate.swift in Sources */,
			);
			runOnlyForDeploymentPostprocessing = 0;
		};
/* End PBXSourcesBuildPhase section */

/* Begin PBXVariantGroup section */
		BFFF3EEF24FD4BF6005047E8 /* Main.storyboard */ = {
			isa = PBXVariantGroup;
			children = (
				BFFF3EF024FD4BF6005047E8 /* Base */,
			);
			name = Main.storyboard;
			sourceTree = "<group>";
		};
		BFFF3EF424FD4BF8005047E8 /* LaunchScreen.storyboard */ = {
			isa = PBXVariantGroup;
			children = (
				BFFF3EF524FD4BF8005047E8 /* Base */,
			);
			name = LaunchScreen.storyboard;
			sourceTree = "<group>";
		};
/* End PBXVariantGroup section */

/* Begin XCBuildConfiguration section */
		BFFF3EF824FD4BF8005047E8 /* Debug */ = {
			isa = XCBuildConfiguration;
			buildSettings = {
				ALWAYS_SEARCH_USER_PATHS = NO;
				CLANG_ANALYZER_NONNULL = YES;
				CLANG_ANALYZER_NUMBER_OBJECT_CONVERSION = YES_AGGRESSIVE;
				CLANG_CXX_LANGUAGE_STANDARD = "gnu++14";
				CLANG_CXX_LIBRARY = "libc++";
				CLANG_ENABLE_MODULES = YES;
				CLANG_ENABLE_OBJC_ARC = YES;
				CLANG_ENABLE_OBJC_WEAK = YES;
				CLANG_WARN_BLOCK_CAPTURE_AUTORELEASING = YES;
				CLANG_WARN_BOOL_CONVERSION = YES;
				CLANG_WARN_COMMA = YES;
				CLANG_WARN_CONSTANT_CONVERSION = YES;
				CLANG_WARN_DEPRECATED_OBJC_IMPLEMENTATIONS = YES;
				CLANG_WARN_DIRECT_OBJC_ISA_USAGE = YES_ERROR;
				CLANG_WARN_DOCUMENTATION_COMMENTS = YES;
				CLANG_WARN_EMPTY_BODY = YES;
				CLANG_WARN_ENUM_CONVERSION = YES;
				CLANG_WARN_INFINITE_RECURSION = YES;
				CLANG_WARN_INT_CONVERSION = YES;
				CLANG_WARN_NON_LITERAL_NULL_CONVERSION = YES;
				CLANG_WARN_OBJC_IMPLICIT_RETAIN_SELF = YES;
				CLANG_WARN_OBJC_LITERAL_CONVERSION = YES;
				CLANG_WARN_OBJC_ROOT_CLASS = YES_ERROR;
				CLANG_WARN_RANGE_LOOP_ANALYSIS = YES;
				CLANG_WARN_STRICT_PROTOTYPES = YES;
				CLANG_WARN_SUSPICIOUS_MOVE = YES;
				CLANG_WARN_UNGUARDED_AVAILABILITY = YES_AGGRESSIVE;
				CLANG_WARN_UNREACHABLE_CODE = YES;
				CLANG_WARN__DUPLICATE_METHOD_MATCH = YES;
				COPY_PHASE_STRIP = NO;
				DEBUG_INFORMATION_FORMAT = dwarf;
				ENABLE_STRICT_OBJC_MSGSEND = YES;
				ENABLE_TESTABILITY = YES;
				GCC_C_LANGUAGE_STANDARD = gnu11;
				GCC_DYNAMIC_NO_PIC = NO;
				GCC_NO_COMMON_BLOCKS = YES;
				GCC_OPTIMIZATION_LEVEL = 0;
				GCC_PREPROCESSOR_DEFINITIONS = (
					"DEBUG=1",
					"$(inherited)",
				);
				GCC_WARN_64_TO_32_BIT_CONVERSION = YES;
				GCC_WARN_ABOUT_RETURN_TYPE = YES_ERROR;
				GCC_WARN_UNDECLARED_SELECTOR = YES;
				GCC_WARN_UNINITIALIZED_AUTOS = YES_AGGRESSIVE;
				GCC_WARN_UNUSED_FUNCTION = YES;
				GCC_WARN_UNUSED_VARIABLE = YES;
				IPHONEOS_DEPLOYMENT_TARGET = 13.6;
				MTL_ENABLE_DEBUG_INFO = INCLUDE_SOURCE;
				MTL_FAST_MATH = YES;
				ONLY_ACTIVE_ARCH = YES;
				SDKROOT = iphoneos;
				SWIFT_ACTIVE_COMPILATION_CONDITIONS = DEBUG;
				SWIFT_OPTIMIZATION_LEVEL = "-Onone";
			};
			name = Debug;
		};
		BFFF3EF924FD4BF8005047E8 /* Release */ = {
			isa = XCBuildConfiguration;
			buildSettings = {
				ALWAYS_SEARCH_USER_PATHS = NO;
				CLANG_ANALYZER_NONNULL = YES;
				CLANG_ANALYZER_NUMBER_OBJECT_CONVERSION = YES_AGGRESSIVE;
				CLANG_CXX_LANGUAGE_STANDARD = "gnu++14";
				CLANG_CXX_LIBRARY = "libc++";
				CLANG_ENABLE_MODULES = YES;
				CLANG_ENABLE_OBJC_ARC = YES;
				CLANG_ENABLE_OBJC_WEAK = YES;
				CLANG_WARN_BLOCK_CAPTURE_AUTORELEASING = YES;
				CLANG_WARN_BOOL_CONVERSION = YES;
				CLANG_WARN_COMMA = YES;
				CLANG_WARN_CONSTANT_CONVERSION = YES;
				CLANG_WARN_DEPRECATED_OBJC_IMPLEMENTATIONS = YES;
				CLANG_WARN_DIRECT_OBJC_ISA_USAGE = YES_ERROR;
				CLANG_WARN_DOCUMENTATION_COMMENTS = YES;
				CLANG_WARN_EMPTY_BODY = YES;
				CLANG_WARN_ENUM_CONVERSION = YES;
				CLANG_WARN_INFINITE_RECURSION = YES;
				CLANG_WARN_INT_CONVERSION = YES;
				CLANG_WARN_NON_LITERAL_NULL_CONVERSION = YES;
				CLANG_WARN_OBJC_IMPLICIT_RETAIN_SELF = YES;
				CLANG_WARN_OBJC_LITERAL_CONVERSION = YES;
				CLANG_WARN_OBJC_ROOT_CLASS = YES_ERROR;
				CLANG_WARN_RANGE_LOOP_ANALYSIS = YES;
				CLANG_WARN_STRICT_PROTOTYPES = YES;
				CLANG_WARN_SUSPICIOUS_MOVE = YES;
				CLANG_WARN_UNGUARDED_AVAILABILITY = YES_AGGRESSIVE;
				CLANG_WARN_UNREACHABLE_CODE = YES;
				CLANG_WARN__DUPLICATE_METHOD_MATCH = YES;
				COPY_PHASE_STRIP = NO;
				DEBUG_INFORMATION_FORMAT = "dwarf-with-dsym";
				ENABLE_NS_ASSERTIONS = NO;
				ENABLE_STRICT_OBJC_MSGSEND = YES;
				GCC_C_LANGUAGE_STANDARD = gnu11;
				GCC_NO_COMMON_BLOCKS = YES;
				GCC_WARN_64_TO_32_BIT_CONVERSION = YES;
				GCC_WARN_ABOUT_RETURN_TYPE = YES_ERROR;
				GCC_WARN_UNDECLARED_SELECTOR = YES;
				GCC_WARN_UNINITIALIZED_AUTOS = YES_AGGRESSIVE;
				GCC_WARN_UNUSED_FUNCTION = YES;
				GCC_WARN_UNUSED_VARIABLE = YES;
				IPHONEOS_DEPLOYMENT_TARGET = 13.6;
				MTL_ENABLE_DEBUG_INFO = NO;
				MTL_FAST_MATH = YES;
				SDKROOT = iphoneos;
				SWIFT_COMPILATION_MODE = wholemodule;
				SWIFT_OPTIMIZATION_LEVEL = "-O";
				VALIDATE_PRODUCT = YES;
			};
			name = Release;
		};
		BFFF3EFB24FD4BF8005047E8 /* Debug */ = {
			isa = XCBuildConfiguration;
			buildSettings = {
				ASSETCATALOG_COMPILER_APPICON_NAME = AppIcon;
				CODE_SIGN_STYLE = Automatic;
				DEVELOPMENT_TEAM = QR8FCFHT8C;
				INFOPLIST_FILE = CatchKennyTheGame/Info.plist;
				LD_RUNPATH_SEARCH_PATHS = (
					"$(inherited)",
					"@executable_path/Frameworks",
				);
				PRODUCT_BUNDLE_IDENTIFIER = com.nxtsoft.CatchKennyTheGame;
				PRODUCT_NAME = "$(TARGET_NAME)";
				SWIFT_VERSION = 5.0;
				TARGETED_DEVICE_FAMILY = "1,2";
			};
			name = Debug;
		};
		BFFF3EFC24FD4BF8005047E8 /* Release */ = {
			isa = XCBuildConfiguration;
			buildSettings = {
				ASSETCATALOG_COMPILER_APPICON_NAME = AppIcon;
				CODE_SIGN_STYLE = Automatic;
				DEVELOPMENT_TEAM = QR8FCFHT8C;
				INFOPLIST_FILE = CatchKennyTheGame/Info.plist;
				LD_RUNPATH_SEARCH_PATHS = (
					"$(inherited)",
					"@executable_path/Frameworks",
				);
				PRODUCT_BUNDLE_IDENTIFIER = com.nxtsoft.CatchKennyTheGame;
				PRODUCT_NAME = "$(TARGET_NAME)";
				SWIFT_VERSION = 5.0;
				TARGETED_DEVICE_FAMILY = "1,2";
			};
			name = Release;
		};
/* End XCBuildConfiguration section */

/* Begin XCConfigurationList section */
		BFFF3EE124FD4BF5005047E8 /* Build configuration list for PBXProject "CatchKennyTheGame" */ = {
			isa = XCConfigurationList;
			buildConfigurations = (
				BFFF3EF824FD4BF8005047E8 /* Debug */,
				BFFF3EF924FD4BF8005047E8 /* Release */,
			);
			defaultConfigurationIsVisible = 0;
			defaultConfigurationName = Release;
		};
		BFFF3EFA24FD4BF8005047E8 /* Build configuration list for PBXNativeTarget "CatchKennyTheGame" */ = {
			isa = XCConfigurationList;
			buildConfigurations = (
				BFFF3EFB24FD4BF8005047E8 /* Debug */,
				BFFF3EFC24FD4BF8005047E8 /* Release */,
			);
			defaultConfigurationIsVisible = 0;
			defaultConfigurationName = Release;
		};
/* End XCConfigurationList section */
	};
	rootObject = BFFF3EDE24FD4BF5005047E8 /* Project object */;
}
